// !$*UTF8*$!
{
	archiveVersion = 1;
	classes = {
	};
	objectVersion = 56;
	objects = {

/* Begin PBXBuildFile section */
		7C5773F32BA48E120059193B /* DividerView.swift in Sources */ = {isa = PBXBuildFile; fileRef = 7C5773F22BA48E120059193B /* DividerView.swift */; };
		7C5773F52BA48E490059193B /* MyStoryCardView.swift in Sources */ = {isa = PBXBuildFile; fileRef = 7C5773F42BA48E490059193B /* MyStoryCardView.swift */; };
		7C5773F72BA494430059193B /* StoryFeedView.swift in Sources */ = {isa = PBXBuildFile; fileRef = 7C5773F62BA494430059193B /* StoryFeedView.swift */; };
		7C5773F92BA494930059193B /* StoryCardView.swift in Sources */ = {isa = PBXBuildFile; fileRef = 7C5773F82BA494930059193B /* StoryCardView.swift */; };
		7C5773FD2BA624050059193B /* PostView.swift in Sources */ = {isa = PBXBuildFile; fileRef = 7C5773FC2BA624050059193B /* PostView.swift */; };
		7C5774002BA75F9C0059193B /* NavigationButtonStyle.swift in Sources */ = {isa = PBXBuildFile; fileRef = 7C5773FF2BA75F9C0059193B /* NavigationButtonStyle.swift */; };
		7C5774022BA76FA90059193B /* ProfileHeaderView.swift in Sources */ = {isa = PBXBuildFile; fileRef = 7C5774012BA76FA90059193B /* ProfileHeaderView.swift */; };
		7C5774042BA7768B0059193B /* ProfileHeaderButtonStyle.swift in Sources */ = {isa = PBXBuildFile; fileRef = 7C5774032BA7768B0059193B /* ProfileHeaderButtonStyle.swift */; };
		7C5774072BA776FD0059193B /* ShapeStyle+Extensions.swift in Sources */ = {isa = PBXBuildFile; fileRef = 7C5774062BA776FD0059193B /* ShapeStyle+Extensions.swift */; };
		7C5774092BA8B6A40059193B /* ProfileFriendsView.swift in Sources */ = {isa = PBXBuildFile; fileRef = 7C5774082BA8B6A40059193B /* ProfileFriendsView.swift */; };
		7C57740B2BA8B6D00059193B /* ProfileOptionsView.swift in Sources */ = {isa = PBXBuildFile; fileRef = 7C57740A2BA8B6D00059193B /* ProfileOptionsView.swift */; };
		7C57740D2BA8BB4F0059193B /* ManageProfilePostsView.swift in Sources */ = {isa = PBXBuildFile; fileRef = 7C57740C2BA8BB4F0059193B /* ManageProfilePostsView.swift */; };
		7C57740F2BA8BBCF0059193B /* ProfilePostButton.swift in Sources */ = {isa = PBXBuildFile; fileRef = 7C57740E2BA8BBCF0059193B /* ProfilePostButton.swift */; };
		7C5774112BA8BC830059193B /* View+Extensions.swift in Sources */ = {isa = PBXBuildFile; fileRef = 7C5774102BA8BC830059193B /* View+Extensions.swift */; };
		7C5774132BAA0CB50059193B /* CreatePostView.swift in Sources */ = {isa = PBXBuildFile; fileRef = 7C5774122BAA0CB50059193B /* CreatePostView.swift */; };
		7C5774162BAB388B0059193B /* FriendsView.swift in Sources */ = {isa = PBXBuildFile; fileRef = 7C5774152BAB388B0059193B /* FriendsView.swift */; };
		7C5774182BAB3BB20059193B /* FriendCell.swift in Sources */ = {isa = PBXBuildFile; fileRef = 7C5774172BAB3BB20059193B /* FriendCell.swift */; };
		7C57741A2BAB3BD60059193B /* TagView.swift in Sources */ = {isa = PBXBuildFile; fileRef = 7C5774192BAB3BD60059193B /* TagView.swift */; };
		7C57741D2BAC628C0059193B /* MarketplaceView.swift in Sources */ = {isa = PBXBuildFile; fileRef = 7C57741C2BAC628C0059193B /* MarketplaceView.swift */; };
		7C57741F2BB09C190059193B /* MarketplaceButton.swift in Sources */ = {isa = PBXBuildFile; fileRef = 7C57741E2BB09C190059193B /* MarketplaceButton.swift */; };
		7C5774222BB09C7E0059193B /* MenuView.swift in Sources */ = {isa = PBXBuildFile; fileRef = 7C5774212BB09C7E0059193B /* MenuView.swift */; };
		7C5774242BB0A40C0059193B /* ScreenWidthButtonStyle.swift in Sources */ = {isa = PBXBuildFile; fileRef = 7C5774232BB0A40C0059193B /* ScreenWidthButtonStyle.swift */; };
		7C5774262BB0A44A0059193B /* ShortcutsView.swift in Sources */ = {isa = PBXBuildFile; fileRef = 7C5774252BB0A44A0059193B /* ShortcutsView.swift */; };
		7C5774282BB0A46E0059193B /* MenuHeaderView.swift in Sources */ = {isa = PBXBuildFile; fileRef = 7C5774272BB0A46E0059193B /* MenuHeaderView.swift */; };
		7C57742A2BB1D02C0059193B /* MenuCell.swift in Sources */ = {isa = PBXBuildFile; fileRef = 7C5774292BB1D02C0059193B /* MenuCell.swift */; };
		7C7322782BA22BBD00892F52 /* facebook_cloneApp.swift in Sources */ = {isa = PBXBuildFile; fileRef = 7C7322772BA22BBD00892F52 /* facebook_cloneApp.swift */; };
		7C73227A2BA22BBD00892F52 /* ContentView.swift in Sources */ = {isa = PBXBuildFile; fileRef = 7C7322792BA22BBD00892F52 /* ContentView.swift */; };
		7C73227C2BA22BBF00892F52 /* Assets.xcassets in Resources */ = {isa = PBXBuildFile; fileRef = 7C73227B2BA22BBF00892F52 /* Assets.xcassets */; };
		7C73227F2BA22BBF00892F52 /* Preview Assets.xcassets in Resources */ = {isa = PBXBuildFile; fileRef = 7C73227E2BA22BBF00892F52 /* Preview Assets.xcassets */; };
		7C7322962BA22CBB00892F52 /* MainTabView.swift in Sources */ = {isa = PBXBuildFile; fileRef = 7C7322952BA22CBB00892F52 /* MainTabView.swift */; };
		7C7322982BA337E500892F52 /* FeedView.swift in Sources */ = {isa = PBXBuildFile; fileRef = 7C7322972BA337E500892F52 /* FeedView.swift */; };
		7C73229B2BA33B3400892F52 /* ProfileView.swift in Sources */ = {isa = PBXBuildFile; fileRef = 7C73229A2BA33B3400892F52 /* ProfileView.swift */; };
		7C73229D2BA33DD600892F52 /* HeaderView.swift in Sources */ = {isa = PBXBuildFile; fileRef = 7C73229C2BA33DD600892F52 /* HeaderView.swift */; };
/* End PBXBuildFile section */

/* Begin PBXFileReference section */
		7C5773F22BA48E120059193B /* DividerView.swift */ = {isa = PBXFileReference; lastKnownFileType = sourcecode.swift; path = DividerView.swift; sourceTree = "<group>"; };
		7C5773F42BA48E490059193B /* MyStoryCardView.swift */ = {isa = PBXFileReference; lastKnownFileType = sourcecode.swift; path = MyStoryCardView.swift; sourceTree = "<group>"; };
		7C5773F62BA494430059193B /* StoryFeedView.swift */ = {isa = PBXFileReference; lastKnownFileType = sourcecode.swift; path = StoryFeedView.swift; sourceTree = "<group>"; };
		7C5773F82BA494930059193B /* StoryCardView.swift */ = {isa = PBXFileReference; lastKnownFileType = sourcecode.swift; path = StoryCardView.swift; sourceTree = "<group>"; };
		7C5773FC2BA624050059193B /* PostView.swift */ = {isa = PBXFileReference; lastKnownFileType = sourcecode.swift; path = PostView.swift; sourceTree = "<group>"; };
		7C5773FF2BA75F9C0059193B /* NavigationButtonStyle.swift */ = {isa = PBXFileReference; lastKnownFileType = sourcecode.swift; path = NavigationButtonStyle.swift; sourceTree = "<group>"; };
		7C5774012BA76FA90059193B /* ProfileHeaderView.swift */ = {isa = PBXFileReference; lastKnownFileType = sourcecode.swift; path = ProfileHeaderView.swift; sourceTree = "<group>"; };
		7C5774032BA7768B0059193B /* ProfileHeaderButtonStyle.swift */ = {isa = PBXFileReference; lastKnownFileType = sourcecode.swift; path = ProfileHeaderButtonStyle.swift; sourceTree = "<group>"; };
		7C5774062BA776FD0059193B /* ShapeStyle+Extensions.swift */ = {isa = PBXFileReference; lastKnownFileType = sourcecode.swift; path = "ShapeStyle+Extensions.swift"; sourceTree = "<group>"; };
		7C5774082BA8B6A40059193B /* ProfileFriendsView.swift */ = {isa = PBXFileReference; lastKnownFileType = sourcecode.swift; path = ProfileFriendsView.swift; sourceTree = "<group>"; };
		7C57740A2BA8B6D00059193B /* ProfileOptionsView.swift */ = {isa = PBXFileReference; lastKnownFileType = sourcecode.swift; path = ProfileOptionsView.swift; sourceTree = "<group>"; };
		7C57740C2BA8BB4F0059193B /* ManageProfilePostsView.swift */ = {isa = PBXFileReference; lastKnownFileType = sourcecode.swift; path = ManageProfilePostsView.swift; sourceTree = "<group>"; };
		7C57740E2BA8BBCF0059193B /* ProfilePostButton.swift */ = {isa = PBXFileReference; lastKnownFileType = sourcecode.swift; path = ProfilePostButton.swift; sourceTree = "<group>"; };
		7C5774102BA8BC830059193B /* View+Extensions.swift */ = {isa = PBXFileReference; lastKnownFileType = sourcecode.swift; path = "View+Extensions.swift"; sourceTree = "<group>"; };
		7C5774122BAA0CB50059193B /* CreatePostView.swift */ = {isa = PBXFileReference; lastKnownFileType = sourcecode.swift; path = CreatePostView.swift; sourceTree = "<group>"; };
		7C5774152BAB388B0059193B /* FriendsView.swift */ = {isa = PBXFileReference; lastKnownFileType = sourcecode.swift; path = FriendsView.swift; sourceTree = "<group>"; };
		7C5774172BAB3BB20059193B /* FriendCell.swift */ = {isa = PBXFileReference; lastKnownFileType = sourcecode.swift; path = FriendCell.swift; sourceTree = "<group>"; };
		7C5774192BAB3BD60059193B /* TagView.swift */ = {isa = PBXFileReference; lastKnownFileType = sourcecode.swift; path = TagView.swift; sourceTree = "<group>"; };
		7C57741C2BAC628C0059193B /* MarketplaceView.swift */ = {isa = PBXFileReference; lastKnownFileType = sourcecode.swift; path = MarketplaceView.swift; sourceTree = "<group>"; };
		7C57741E2BB09C190059193B /* MarketplaceButton.swift */ = {isa = PBXFileReference; lastKnownFileType = sourcecode.swift; path = MarketplaceButton.swift; sourceTree = "<group>"; };
		7C5774212BB09C7E0059193B /* MenuView.swift */ = {isa = PBXFileReference; lastKnownFileType = sourcecode.swift; path = MenuView.swift; sourceTree = "<group>"; };
		7C5774232BB0A40C0059193B /* ScreenWidthButtonStyle.swift */ = {isa = PBXFileReference; lastKnownFileType = sourcecode.swift; path = ScreenWidthButtonStyle.swift; sourceTree = "<group>"; };
		7C5774252BB0A44A0059193B /* ShortcutsView.swift */ = {isa = PBXFileReference; lastKnownFileType = sourcecode.swift; path = ShortcutsView.swift; sourceTree = "<group>"; };
		7C5774272BB0A46E0059193B /* MenuHeaderView.swift */ = {isa = PBXFileReference; lastKnownFileType = sourcecode.swift; path = MenuHeaderView.swift; sourceTree = "<group>"; };
		7C5774292BB1D02C0059193B /* MenuCell.swift */ = {isa = PBXFileReference; lastKnownFileType = sourcecode.swift; path = MenuCell.swift; sourceTree = "<group>"; };
		7C7322742BA22BBD00892F52 /* facebook-clone.app */ = {isa = PBXFileReference; explicitFileType = wrapper.application; includeInIndex = 0; path = "facebook-clone.app"; sourceTree = BUILT_PRODUCTS_DIR; };
		7C7322772BA22BBD00892F52 /* facebook_cloneApp.swift */ = {isa = PBXFileReference; lastKnownFileType = sourcecode.swift; path = facebook_cloneApp.swift; sourceTree = "<group>"; };
		7C7322792BA22BBD00892F52 /* ContentView.swift */ = {isa = PBXFileReference; lastKnownFileType = sourcecode.swift; path = ContentView.swift; sourceTree = "<group>"; };
		7C73227B2BA22BBF00892F52 /* Assets.xcassets */ = {isa = PBXFileReference; lastKnownFileType = folder.assetcatalog; path = Assets.xcassets; sourceTree = "<group>"; };
		7C73227E2BA22BBF00892F52 /* Preview Assets.xcassets */ = {isa = PBXFileReference; lastKnownFileType = folder.assetcatalog; path = "Preview Assets.xcassets"; sourceTree = "<group>"; };
		7C7322952BA22CBB00892F52 /* MainTabView.swift */ = {isa = PBXFileReference; lastKnownFileType = sourcecode.swift; path = MainTabView.swift; sourceTree = "<group>"; };
		7C7322972BA337E500892F52 /* FeedView.swift */ = {isa = PBXFileReference; lastKnownFileType = sourcecode.swift; path = FeedView.swift; sourceTree = "<group>"; };
		7C73229A2BA33B3400892F52 /* ProfileView.swift */ = {isa = PBXFileReference; lastKnownFileType = sourcecode.swift; path = ProfileView.swift; sourceTree = "<group>"; };
		7C73229C2BA33DD600892F52 /* HeaderView.swift */ = {isa = PBXFileReference; lastKnownFileType = sourcecode.swift; path = HeaderView.swift; sourceTree = "<group>"; };
/* End PBXFileReference section */

/* Begin PBXFrameworksBuildPhase section */
		7C7322712BA22BBD00892F52 /* Frameworks */ = {
			isa = PBXFrameworksBuildPhase;
			buildActionMask = 2147483647;
			files = (
			);
			runOnlyForDeploymentPostprocessing = 0;
		};
/* End PBXFrameworksBuildPhase section */

/* Begin PBXGroup section */
		7C5773F12BA48E040059193B /* Views */ = {
			isa = PBXGroup;
			children = (
				7C5773F22BA48E120059193B /* DividerView.swift */,
				7C5773FC2BA624050059193B /* PostView.swift */,
				7C5774192BAB3BD60059193B /* TagView.swift */,
			);
			path = Views;
			sourceTree = "<group>";
		};
		7C5773FE2BA75F7E0059193B /* Button Styles */ = {
			isa = PBXGroup;
			children = (
				7C5773FF2BA75F9C0059193B /* NavigationButtonStyle.swift */,
				7C5774032BA7768B0059193B /* ProfileHeaderButtonStyle.swift */,
				7C5774232BB0A40C0059193B /* ScreenWidthButtonStyle.swift */,
			);
			path = "Button Styles";
			sourceTree = "<group>";
		};
		7C5774052BA776F30059193B /* Extensions */ = {
			isa = PBXGroup;
			children = (
				7C5774062BA776FD0059193B /* ShapeStyle+Extensions.swift */,
				7C5774102BA8BC830059193B /* View+Extensions.swift */,
			);
			path = Extensions;
			sourceTree = "<group>";
		};
		7C5774142BAB38800059193B /* View */ = {
			isa = PBXGroup;
			children = (
				7C5774152BAB388B0059193B /* FriendsView.swift */,
				7C5774172BAB3BB20059193B /* FriendCell.swift */,
			);
			path = View;
			sourceTree = "<group>";
		};
		7C57741B2BAC62830059193B /* View */ = {
			isa = PBXGroup;
			children = (
				7C57741C2BAC628C0059193B /* MarketplaceView.swift */,
				7C57741E2BB09C190059193B /* MarketplaceButton.swift */,
			);
			path = View;
			sourceTree = "<group>";
		};
		7C5774202BB09C790059193B /* View */ = {
			isa = PBXGroup;
			children = (
				7C5774212BB09C7E0059193B /* MenuView.swift */,
				7C5774252BB0A44A0059193B /* ShortcutsView.swift */,
				7C5774272BB0A46E0059193B /* MenuHeaderView.swift */,
				7C5774292BB1D02C0059193B /* MenuCell.swift */,
			);
			path = View;
			sourceTree = "<group>";
		};
		7C73226B2BA22BBD00892F52 = {
			isa = PBXGroup;
			children = (
				7C7322762BA22BBD00892F52 /* facebook-clone */,
				7C7322752BA22BBD00892F52 /* Products */,
			);
			sourceTree = "<group>";
		};
		7C7322752BA22BBD00892F52 /* Products */ = {
			isa = PBXGroup;
			children = (
				7C7322742BA22BBD00892F52 /* facebook-clone.app */,
			);
			name = Products;
			sourceTree = "<group>";
		};
		7C7322762BA22BBD00892F52 /* facebook-clone */ = {
			isa = PBXGroup;
			children = (
				7C7322892BA22BFB00892F52 /* App */,
				7C7322882BA22BF700892F52 /* Core */,
				7C7322872BA22BF400892F52 /* Model */,
				7C7322862BA22BF100892F52 /* Service */,
				7C7322852BA22BEE00892F52 /* Utils */,
				7C7322792BA22BBD00892F52 /* ContentView.swift */,
				7C73227D2BA22BBF00892F52 /* Preview Content */,
			);
			path = "facebook-clone";
			sourceTree = "<group>";
		};
		7C73227D2BA22BBF00892F52 /* Preview Content */ = {
			isa = PBXGroup;
			children = (
				7C73227E2BA22BBF00892F52 /* Preview Assets.xcassets */,
			);
			path = "Preview Content";
			sourceTree = "<group>";
		};
		7C7322852BA22BEE00892F52 /* Utils */ = {
			isa = PBXGroup;
			children = (
			);
			path = Utils;
			sourceTree = "<group>";
		};
		7C7322862BA22BF100892F52 /* Service */ = {
			isa = PBXGroup;
			children = (
			);
			path = Service;
			sourceTree = "<group>";
		};
		7C7322872BA22BF400892F52 /* Model */ = {
			isa = PBXGroup;
			children = (
			);
			path = Model;
			sourceTree = "<group>";
		};
		7C7322882BA22BF700892F52 /* Core */ = {
			isa = PBXGroup;
			children = (
				7C7322932BA22C3000892F52 /* Authentification */,
				7C7322922BA22C2E00892F52 /* Components */,
				7C7322912BA22C2B00892F52 /* CreatePost */,
				7C7322902BA22C2800892F52 /* Feed */,
				7C73228F2BA22C2500892F52 /* Friends */,
				7C73228E2BA22C2200892F52 /* Marketplace */,
				7C73228D2BA22C2000892F52 /* Menu */,
				7C73228C2BA22C1E00892F52 /* Profile */,
				7C73228B2BA22C1B00892F52 /* Root */,
				7C73228A2BA22C1800892F52 /* Video */,
				7C7322942BA22C7600892F52 /* TabBar */,
			);
			path = Core;
			sourceTree = "<group>";
		};
		7C7322892BA22BFB00892F52 /* App */ = {
			isa = PBXGroup;
			children = (
				7C73227B2BA22BBF00892F52 /* Assets.xcassets */,
				7C7322772BA22BBD00892F52 /* facebook_cloneApp.swift */,
			);
			path = App;
			sourceTree = "<group>";
		};
		7C73228A2BA22C1800892F52 /* Video */ = {
			isa = PBXGroup;
			children = (
			);
			path = Video;
			sourceTree = "<group>";
		};
		7C73228B2BA22C1B00892F52 /* Root */ = {
			isa = PBXGroup;
			children = (
			);
			path = Root;
			sourceTree = "<group>";
		};
		7C73228C2BA22C1E00892F52 /* Profile */ = {
			isa = PBXGroup;
			children = (
				7C7322992BA33B2700892F52 /* View */,
			);
			path = Profile;
			sourceTree = "<group>";
		};
		7C73228D2BA22C2000892F52 /* Menu */ = {
			isa = PBXGroup;
			children = (
				7C5774202BB09C790059193B /* View */,
			);
			path = Menu;
			sourceTree = "<group>";
		};
		7C73228E2BA22C2200892F52 /* Marketplace */ = {
			isa = PBXGroup;
			children = (
				7C57741B2BAC62830059193B /* View */,
			);
			path = Marketplace;
			sourceTree = "<group>";
		};
		7C73228F2BA22C2500892F52 /* Friends */ = {
			isa = PBXGroup;
			children = (
				7C5774142BAB38800059193B /* View */,
			);
			path = Friends;
			sourceTree = "<group>";
		};
		7C7322902BA22C2800892F52 /* Feed */ = {
			isa = PBXGroup;
			children = (
				7C7322972BA337E500892F52 /* FeedView.swift */,
				7C73229C2BA33DD600892F52 /* HeaderView.swift */,
				7C5773F42BA48E490059193B /* MyStoryCardView.swift */,
				7C5773F62BA494430059193B /* StoryFeedView.swift */,
				7C5773F82BA494930059193B /* StoryCardView.swift */,
			);
			path = Feed;
			sourceTree = "<group>";
		};
		7C7322912BA22C2B00892F52 /* CreatePost */ = {
			isa = PBXGroup;
			children = (
				7C5774122BAA0CB50059193B /* CreatePostView.swift */,
			);
			path = CreatePost;
			sourceTree = "<group>";
		};
		7C7322922BA22C2E00892F52 /* Components */ = {
			isa = PBXGroup;
			children = (
				7C5774052BA776F30059193B /* Extensions */,
				7C5773FE2BA75F7E0059193B /* Button Styles */,
				7C5773F12BA48E040059193B /* Views */,
			);
			path = Components;
			sourceTree = "<group>";
		};
		7C7322932BA22C3000892F52 /* Authentification */ = {
			isa = PBXGroup;
			children = (
			);
			path = Authentification;
			sourceTree = "<group>";
		};
		7C7322942BA22C7600892F52 /* TabBar */ = {
			isa = PBXGroup;
			children = (
				7C7322952BA22CBB00892F52 /* MainTabView.swift */,
			);
			path = TabBar;
			sourceTree = "<group>";
		};
		7C7322992BA33B2700892F52 /* View */ = {
			isa = PBXGroup;
			children = (
				7C73229A2BA33B3400892F52 /* ProfileView.swift */,
				7C5774012BA76FA90059193B /* ProfileHeaderView.swift */,
				7C5774082BA8B6A40059193B /* ProfileFriendsView.swift */,
				7C57740A2BA8B6D00059193B /* ProfileOptionsView.swift */,
				7C57740C2BA8BB4F0059193B /* ManageProfilePostsView.swift */,
				7C57740E2BA8BBCF0059193B /* ProfilePostButton.swift */,
			);
			path = View;
			sourceTree = "<group>";
		};
/* End PBXGroup section */

/* Begin PBXNativeTarget section */
		7C7322732BA22BBD00892F52 /* facebook-clone */ = {
			isa = PBXNativeTarget;
			buildConfigurationList = 7C7322822BA22BBF00892F52 /* Build configuration list for PBXNativeTarget "facebook-clone" */;
			buildPhases = (
				7C7322702BA22BBD00892F52 /* Sources */,
				7C7322712BA22BBD00892F52 /* Frameworks */,
				7C7322722BA22BBD00892F52 /* Resources */,
			);
			buildRules = (
			);
			dependencies = (
			);
			name = "facebook-clone";
			productName = "facebook-clone";
			productReference = 7C7322742BA22BBD00892F52 /* facebook-clone.app */;
			productType = "com.apple.product-type.application";
		};
/* End PBXNativeTarget section */

/* Begin PBXProject section */
		7C73226C2BA22BBD00892F52 /* Project object */ = {
			isa = PBXProject;
			attributes = {
				BuildIndependentTargetsInParallel = 1;
				LastSwiftUpdateCheck = 1530;
				LastUpgradeCheck = 1530;
				TargetAttributes = {
					7C7322732BA22BBD00892F52 = {
						CreatedOnToolsVersion = 15.3;
					};
				};
			};
			buildConfigurationList = 7C73226F2BA22BBD00892F52 /* Build configuration list for PBXProject "facebook-clone" */;
			compatibilityVersion = "Xcode 14.0";
			developmentRegion = en;
			hasScannedForEncodings = 0;
			knownRegions = (
				en,
				Base,
			);
			mainGroup = 7C73226B2BA22BBD00892F52;
			productRefGroup = 7C7322752BA22BBD00892F52 /* Products */;
			projectDirPath = "";
			projectRoot = "";
			targets = (
				7C7322732BA22BBD00892F52 /* facebook-clone */,
			);
		};
/* End PBXProject section */

/* Begin PBXResourcesBuildPhase section */
		7C7322722BA22BBD00892F52 /* Resources */ = {
			isa = PBXResourcesBuildPhase;
			buildActionMask = 2147483647;
			files = (
				7C73227F2BA22BBF00892F52 /* Preview Assets.xcassets in Resources */,
				7C73227C2BA22BBF00892F52 /* Assets.xcassets in Resources */,
			);
			runOnlyForDeploymentPostprocessing = 0;
		};
/* End PBXResourcesBuildPhase section */

/* Begin PBXSourcesBuildPhase section */
		7C7322702BA22BBD00892F52 /* Sources */ = {
			isa = PBXSourcesBuildPhase;
			buildActionMask = 2147483647;
			files = (
				7C57740B2BA8B6D00059193B /* ProfileOptionsView.swift in Sources */,
				7C5773F72BA494430059193B /* StoryFeedView.swift in Sources */,
				7C57742A2BB1D02C0059193B /* MenuCell.swift in Sources */,
				7C5774282BB0A46E0059193B /* MenuHeaderView.swift in Sources */,
				7C7322982BA337E500892F52 /* FeedView.swift in Sources */,
				7C73229D2BA33DD600892F52 /* HeaderView.swift in Sources */,
				7C5774262BB0A44A0059193B /* ShortcutsView.swift in Sources */,
				7C5773F32BA48E120059193B /* DividerView.swift in Sources */,
				7C73227A2BA22BBD00892F52 /* ContentView.swift in Sources */,
				7C5774072BA776FD0059193B /* ShapeStyle+Extensions.swift in Sources */,
				7C5773F52BA48E490059193B /* MyStoryCardView.swift in Sources */,
				7C5774162BAB388B0059193B /* FriendsView.swift in Sources */,
				7C57741F2BB09C190059193B /* MarketplaceButton.swift in Sources */,
				7C5774132BAA0CB50059193B /* CreatePostView.swift in Sources */,
				7C5774022BA76FA90059193B /* ProfileHeaderView.swift in Sources */,
				7C5773F92BA494930059193B /* StoryCardView.swift in Sources */,
				7C5774002BA75F9C0059193B /* NavigationButtonStyle.swift in Sources */,
				7C5774092BA8B6A40059193B /* ProfileFriendsView.swift in Sources */,
				7C73229B2BA33B3400892F52 /* ProfileView.swift in Sources */,
				7C5774182BAB3BB20059193B /* FriendCell.swift in Sources */,
				7C57740F2BA8BBCF0059193B /* ProfilePostButton.swift in Sources */,
				7C7322782BA22BBD00892F52 /* facebook_cloneApp.swift in Sources */,
				7C7322962BA22CBB00892F52 /* MainTabView.swift in Sources */,
				7C5774042BA7768B0059193B /* ProfileHeaderButtonStyle.swift in Sources */,
				7C5773FD2BA624050059193B /* PostView.swift in Sources */,
				7C5774222BB09C7E0059193B /* MenuView.swift in Sources */,
				7C5774112BA8BC830059193B /* View+Extensions.swift in Sources */,
				7C5774242BB0A40C0059193B /* ScreenWidthButtonStyle.swift in Sources */,
				7C57741D2BAC628C0059193B /* MarketplaceView.swift in Sources */,
				7C57740D2BA8BB4F0059193B /* ManageProfilePostsView.swift in Sources */,
				7C57741A2BAB3BD60059193B /* TagView.swift in Sources */,
			);
			runOnlyForDeploymentPostprocessing = 0;
		};
/* End PBXSourcesBuildPhase section */

/* Begin XCBuildConfiguration section */
		7C7322802BA22BBF00892F52 /* Debug */ = {
			isa = XCBuildConfiguration;
			buildSettings = {
				ALWAYS_SEARCH_USER_PATHS = NO;
				ASSETCATALOG_COMPILER_GENERATE_SWIFT_ASSET_SYMBOL_EXTENSIONS = YES;
				CLANG_ANALYZER_NONNULL = YES;
				CLANG_ANALYZER_NUMBER_OBJECT_CONVERSION = YES_AGGRESSIVE;
				CLANG_CXX_LANGUAGE_STANDARD = "gnu++20";
				CLANG_ENABLE_MODULES = YES;
				CLANG_ENABLE_OBJC_ARC = YES;
				CLANG_ENABLE_OBJC_WEAK = YES;
				CLANG_WARN_BLOCK_CAPTURE_AUTORELEASING = YES;
				CLANG_WARN_BOOL_CONVERSION = YES;
				CLANG_WARN_COMMA = YES;
				CLANG_WARN_CONSTANT_CONVERSION = YES;
				CLANG_WARN_DEPRECATED_OBJC_IMPLEMENTATIONS = YES;
				CLANG_WARN_DIRECT_OBJC_ISA_USAGE = YES_ERROR;
				CLANG_WARN_DOCUMENTATION_COMMENTS = YES;
				CLANG_WARN_EMPTY_BODY = YES;
				CLANG_WARN_ENUM_CONVERSION = YES;
				CLANG_WARN_INFINITE_RECURSION = YES;
				CLANG_WARN_INT_CONVERSION = YES;
				CLANG_WARN_NON_LITERAL_NULL_CONVERSION = YES;
				CLANG_WARN_OBJC_IMPLICIT_RETAIN_SELF = YES;
				CLANG_WARN_OBJC_LITERAL_CONVERSION = YES;
				CLANG_WARN_OBJC_ROOT_CLASS = YES_ERROR;
				CLANG_WARN_QUOTED_INCLUDE_IN_FRAMEWORK_HEADER = YES;
				CLANG_WARN_RANGE_LOOP_ANALYSIS = YES;
				CLANG_WARN_STRICT_PROTOTYPES = YES;
				CLANG_WARN_SUSPICIOUS_MOVE = YES;
				CLANG_WARN_UNGUARDED_AVAILABILITY = YES_AGGRESSIVE;
				CLANG_WARN_UNREACHABLE_CODE = YES;
				CLANG_WARN__DUPLICATE_METHOD_MATCH = YES;
				COPY_PHASE_STRIP = NO;
				DEBUG_INFORMATION_FORMAT = dwarf;
				ENABLE_STRICT_OBJC_MSGSEND = YES;
				ENABLE_TESTABILITY = YES;
				ENABLE_USER_SCRIPT_SANDBOXING = YES;
				GCC_C_LANGUAGE_STANDARD = gnu17;
				GCC_DYNAMIC_NO_PIC = NO;
				GCC_NO_COMMON_BLOCKS = YES;
				GCC_OPTIMIZATION_LEVEL = 0;
				GCC_PREPROCESSOR_DEFINITIONS = (
					"DEBUG=1",
					"$(inherited)",
				);
				GCC_WARN_64_TO_32_BIT_CONVERSION = YES;
				GCC_WARN_ABOUT_RETURN_TYPE = YES_ERROR;
				GCC_WARN_UNDECLARED_SELECTOR = YES;
				GCC_WARN_UNINITIALIZED_AUTOS = YES_AGGRESSIVE;
				GCC_WARN_UNUSED_FUNCTION = YES;
				GCC_WARN_UNUSED_VARIABLE = YES;
				IPHONEOS_DEPLOYMENT_TARGET = 17.4;
				LOCALIZATION_PREFERS_STRING_CATALOGS = YES;
				MTL_ENABLE_DEBUG_INFO = INCLUDE_SOURCE;
				MTL_FAST_MATH = YES;
				ONLY_ACTIVE_ARCH = YES;
				SDKROOT = iphoneos;
				SWIFT_ACTIVE_COMPILATION_CONDITIONS = "DEBUG $(inherited)";
				SWIFT_OPTIMIZATION_LEVEL = "-Onone";
			};
			name = Debug;
		};
		7C7322812BA22BBF00892F52 /* Release */ = {
			isa = XCBuildConfiguration;
			buildSettings = {
				ALWAYS_SEARCH_USER_PATHS = NO;
				ASSETCATALOG_COMPILER_GENERATE_SWIFT_ASSET_SYMBOL_EXTENSIONS = YES;
				CLANG_ANALYZER_NONNULL = YES;
				CLANG_ANALYZER_NUMBER_OBJECT_CONVERSION = YES_AGGRESSIVE;
				CLANG_CXX_LANGUAGE_STANDARD = "gnu++20";
				CLANG_ENABLE_MODULES = YES;
				CLANG_ENABLE_OBJC_ARC = YES;
				CLANG_ENABLE_OBJC_WEAK = YES;
				CLANG_WARN_BLOCK_CAPTURE_AUTORELEASING = YES;
				CLANG_WARN_BOOL_CONVERSION = YES;
				CLANG_WARN_COMMA = YES;
				CLANG_WARN_CONSTANT_CONVERSION = YES;
				CLANG_WARN_DEPRECATED_OBJC_IMPLEMENTATIONS = YES;
				CLANG_WARN_DIRECT_OBJC_ISA_USAGE = YES_ERROR;
				CLANG_WARN_DOCUMENTATION_COMMENTS = YES;
				CLANG_WARN_EMPTY_BODY = YES;
				CLANG_WARN_ENUM_CONVERSION = YES;
				CLANG_WARN_INFINITE_RECURSION = YES;
				CLANG_WARN_INT_CONVERSION = YES;
				CLANG_WARN_NON_LITERAL_NULL_CONVERSION = YES;
				CLANG_WARN_OBJC_IMPLICIT_RETAIN_SELF = YES;
				CLANG_WARN_OBJC_LITERAL_CONVERSION = YES;
				CLANG_WARN_OBJC_ROOT_CLASS = YES_ERROR;
				CLANG_WARN_QUOTED_INCLUDE_IN_FRAMEWORK_HEADER = YES;
				CLANG_WARN_RANGE_LOOP_ANALYSIS = YES;
				CLANG_WARN_STRICT_PROTOTYPES = YES;
				CLANG_WARN_SUSPICIOUS_MOVE = YES;
				CLANG_WARN_UNGUARDED_AVAILABILITY = YES_AGGRESSIVE;
				CLANG_WARN_UNREACHABLE_CODE = YES;
				CLANG_WARN__DUPLICATE_METHOD_MATCH = YES;
				COPY_PHASE_STRIP = NO;
				DEBUG_INFORMATION_FORMAT = "dwarf-with-dsym";
				ENABLE_NS_ASSERTIONS = NO;
				ENABLE_STRICT_OBJC_MSGSEND = YES;
				ENABLE_USER_SCRIPT_SANDBOXING = YES;
				GCC_C_LANGUAGE_STANDARD = gnu17;
				GCC_NO_COMMON_BLOCKS = YES;
				GCC_WARN_64_TO_32_BIT_CONVERSION = YES;
				GCC_WARN_ABOUT_RETURN_TYPE = YES_ERROR;
				GCC_WARN_UNDECLARED_SELECTOR = YES;
				GCC_WARN_UNINITIALIZED_AUTOS = YES_AGGRESSIVE;
				GCC_WARN_UNUSED_FUNCTION = YES;
				GCC_WARN_UNUSED_VARIABLE = YES;
				IPHONEOS_DEPLOYMENT_TARGET = 17.4;
				LOCALIZATION_PREFERS_STRING_CATALOGS = YES;
				MTL_ENABLE_DEBUG_INFO = NO;
				MTL_FAST_MATH = YES;
				SDKROOT = iphoneos;
				SWIFT_COMPILATION_MODE = wholemodule;
				VALIDATE_PRODUCT = YES;
			};
			name = Release;
		};
		7C7322832BA22BBF00892F52 /* Debug */ = {
			isa = XCBuildConfiguration;
			buildSettings = {
				ASSETCATALOG_COMPILER_APPICON_NAME = AppIcon;
				ASSETCATALOG_COMPILER_GLOBAL_ACCENT_COLOR_NAME = AccentColor;
				CODE_SIGN_STYLE = Automatic;
				CURRENT_PROJECT_VERSION = 1;
				DEVELOPMENT_ASSET_PATHS = "\"facebook-clone/Preview Content\"";
				ENABLE_PREVIEWS = YES;
				GENERATE_INFOPLIST_FILE = YES;
				INFOPLIST_KEY_UIApplicationSceneManifest_Generation = YES;
				INFOPLIST_KEY_UIApplicationSupportsIndirectInputEvents = YES;
				INFOPLIST_KEY_UILaunchScreen_Generation = YES;
				INFOPLIST_KEY_UISupportedInterfaceOrientations_iPad = "UIInterfaceOrientationPortrait UIInterfaceOrientationPortraitUpsideDown UIInterfaceOrientationLandscapeLeft UIInterfaceOrientationLandscapeRight";
				INFOPLIST_KEY_UISupportedInterfaceOrientations_iPhone = "UIInterfaceOrientationPortrait UIInterfaceOrientationLandscapeLeft UIInterfaceOrientationLandscapeRight";
				LD_RUNPATH_SEARCH_PATHS = (
					"$(inherited)",
					"@executable_path/Frameworks",
				);
				MARKETING_VERSION = 1.0;
				PRODUCT_BUNDLE_IDENTIFIER = "com.tutorial.facebook-clone";
				PRODUCT_NAME = "$(TARGET_NAME)";
				SWIFT_EMIT_LOC_STRINGS = YES;
				SWIFT_VERSION = 5.0;
				TARGETED_DEVICE_FAMILY = "1,2";
			};
			name = Debug;
		};
		7C7322842BA22BBF00892F52 /* Release */ = {
			isa = XCBuildConfiguration;
			buildSettings = {
				ASSETCATALOG_COMPILER_APPICON_NAME = AppIcon;
				ASSETCATALOG_COMPILER_GLOBAL_ACCENT_COLOR_NAME = AccentColor;
				CODE_SIGN_STYLE = Automatic;
				CURRENT_PROJECT_VERSION = 1;
				DEVELOPMENT_ASSET_PATHS = "\"facebook-clone/Preview Content\"";
				ENABLE_PREVIEWS = YES;
				GENERATE_INFOPLIST_FILE = YES;
				INFOPLIST_KEY_UIApplicationSceneManifest_Generation = YES;
				INFOPLIST_KEY_UIApplicationSupportsIndirectInputEvents = YES;
				INFOPLIST_KEY_UILaunchScreen_Generation = YES;
				INFOPLIST_KEY_UISupportedInterfaceOrientations_iPad = "UIInterfaceOrientationPortrait UIInterfaceOrientationPortraitUpsideDown UIInterfaceOrientationLandscapeLeft UIInterfaceOrientationLandscapeRight";
				INFOPLIST_KEY_UISupportedInterfaceOrientations_iPhone = "UIInterfaceOrientationPortrait UIInterfaceOrientationLandscapeLeft UIInterfaceOrientationLandscapeRight";
				LD_RUNPATH_SEARCH_PATHS = (
					"$(inherited)",
					"@executable_path/Frameworks",
				);
				MARKETING_VERSION = 1.0;
				PRODUCT_BUNDLE_IDENTIFIER = "com.tutorial.facebook-clone";
				PRODUCT_NAME = "$(TARGET_NAME)";
				SWIFT_EMIT_LOC_STRINGS = YES;
				SWIFT_VERSION = 5.0;
				TARGETED_DEVICE_FAMILY = "1,2";
			};
			name = Release;
		};
/* End XCBuildConfiguration section */

/* Begin XCConfigurationList section */
		7C73226F2BA22BBD00892F52 /* Build configuration list for PBXProject "facebook-clone" */ = {
			isa = XCConfigurationList;
			buildConfigurations = (
				7C7322802BA22BBF00892F52 /* Debug */,
				7C7322812BA22BBF00892F52 /* Release */,
			);
			defaultConfigurationIsVisible = 0;
			defaultConfigurationName = Release;
		};
		7C7322822BA22BBF00892F52 /* Build configuration list for PBXNativeTarget "facebook-clone" */ = {
			isa = XCConfigurationList;
			buildConfigurations = (
				7C7322832BA22BBF00892F52 /* Debug */,
				7C7322842BA22BBF00892F52 /* Release */,
			);
			defaultConfigurationIsVisible = 0;
			defaultConfigurationName = Release;
		};
/* End XCConfigurationList section */
	};
	rootObject = 7C73226C2BA22BBD00892F52 /* Project object */;
}
